
Microsoft Visual Studio Solution File, Format Version 12.00
# Visual Studio Version 16
VisualStudioVersion = 16.0.29411.108
MinimumVisualStudioVersion = 10.0.40219.1
Project("{FAE04EC0-301F-11D3-BF4B-00C04F79EFBC}") = "examentp", "examentp\examentp.csproj", "{99D9B788-CA1D-4003-8D1E-9169483E4BE1}"
EndProject
Global
	GlobalSection(SolutionConfigurationPlatforms) = preSolution
		Debug|Any CPU = Debug|Any CPU
		Release|Any CPU = Release|Any CPU
	EndGlobalSection
	GlobalSection(ProjectConfigurationPlatforms) = postSolution
		{99D9B788-CA1D-4003-8D1E-9169483E4BE1}.Debug|Any CPU.ActiveCfg = Debug|Any CPU
		{99D9B788-CA1D-4003-8D1E-9169483E4BE1}.Debug|Any CPU.Build.0 = Debug|Any CPU
		{99D9B788-CA1D-4003-8D1E-9169483E4BE1}.Release|Any CPU.ActiveCfg = Release|Any CPU
		{99D9B788-CA1D-4003-8D1E-9169483E4BE1}.Release|Any CPU.Build.0 = Release|Any CPU
	EndGlobalSection
	GlobalSection(SolutionProperties) = preSolution
		HideSolutionNode = FALSE
	EndGlobalSection
	GlobalSection(ExtensibilityGlobals) = postSolution
		SolutionGuid = {0ED6A296-DCAD-4668-BDCA-C8E35BBBF3A5}
	EndGlobalSection
EndGlobal
